
Microsoft Visual Studio Solution File, Format Version 12.00
# Visual Studio Version 16
VisualStudioVersion = 16.0.29306.81
MinimumVisualStudioVersion = 10.0.40219.1
Project("{FAE04EC0-301F-11D3-BF4B-00C04F79EFBC}") = "PrimerParcialAp2", "PrimerParcialAp2.csproj", "{8A853D5A-5475-4BFF-9793-2FD0992005C5}"
EndProject
Project("{FAE04EC0-301F-11D3-BF4B-00C04F79EFBC}") = "BLL", "BLL\BLL.csproj", "{9A9647C2-46DF-4A09-ACD3-CC3578E20094}"
EndProject
Project("{FAE04EC0-301F-11D3-BF4B-00C04F79EFBC}") = "DAL", "DAL\DAL.csproj", "{3E01A4AA-F2E5-4E1E-8439-B49FB7814A9A}"
EndProject
Global
	GlobalSection(SolutionConfigurationPlatforms) = preSolution
		Debug|Any CPU = Debug|Any CPU
		Release|Any CPU = Release|Any CPU
	EndGlobalSection
	GlobalSection(ProjectConfigurationPlatforms) = postSolution
		{8A853D5A-5475-4BFF-9793-2FD0992005C5}.Debug|Any CPU.ActiveCfg = Debug|Any CPU
		{8A853D5A-5475-4BFF-9793-2FD0992005C5}.Debug|Any CPU.Build.0 = Debug|Any CPU
		{8A853D5A-5475-4BFF-9793-2FD0992005C5}.Release|Any CPU.ActiveCfg = Release|Any CPU
		{8A853D5A-5475-4BFF-9793-2FD0992005C5}.Release|Any CPU.Build.0 = Release|Any CPU
		{9A9647C2-46DF-4A09-ACD3-CC3578E20094}.Debug|Any CPU.ActiveCfg = Debug|Any CPU
		{9A9647C2-46DF-4A09-ACD3-CC3578E20094}.Debug|Any CPU.Build.0 = Debug|Any CPU
		{9A9647C2-46DF-4A09-ACD3-CC3578E20094}.Release|Any CPU.ActiveCfg = Release|Any CPU
		{9A9647C2-46DF-4A09-ACD3-CC3578E20094}.Release|Any CPU.Build.0 = Release|Any CPU
		{3E01A4AA-F2E5-4E1E-8439-B49FB7814A9A}.Debug|Any CPU.ActiveCfg = Debug|Any CPU
		{3E01A4AA-F2E5-4E1E-8439-B49FB7814A9A}.Debug|Any CPU.Build.0 = Debug|Any CPU
		{3E01A4AA-F2E5-4E1E-8439-B49FB7814A9A}.Release|Any CPU.ActiveCfg = Release|Any CPU
		{3E01A4AA-F2E5-4E1E-8439-B49FB7814A9A}.Release|Any CPU.Build.0 = Release|Any CPU
	EndGlobalSection
	GlobalSection(SolutionProperties) = preSolution
		HideSolutionNode = FALSE
	EndGlobalSection
	GlobalSection(ExtensibilityGlobals) = postSolution
		SolutionGuid = {06E3AB79-EE8E-4A1A-921F-8C1247FF85AF}
	EndGlobalSection
EndGlobal
